
Microsoft Visual Studio Solution File, Format Version 12.00
# Visual Studio Version 17
VisualStudioVersion = 17.1.32319.34
MinimumVisualStudioVersion = 10.0.40219.1
Project("{FAE04EC0-301F-11D3-BF4B-00C04F79EFBC}") = "Threading", "Threading\Threading.csproj", "{66CD96CC-0EAA-430C-98D7-C0D1A0CDDF36}"
EndProject
Project("{FAE04EC0-301F-11D3-BF4B-00C04F79EFBC}") = "TestProject1", "TestProject1\TestProject1.csproj", "{674ABA71-A9F9-40C2-93AF-3ADA9C20101D}"
EndProject
Global
	GlobalSection(SolutionConfigurationPlatforms) = preSolution
		Debug|Any CPU = Debug|Any CPU
		Release|Any CPU = Release|Any CPU
	EndGlobalSection
	GlobalSection(ProjectConfigurationPlatforms) = postSolution
		{66CD96CC-0EAA-430C-98D7-C0D1A0CDDF36}.Debug|Any CPU.ActiveCfg = Debug|Any CPU
		{66CD96CC-0EAA-430C-98D7-C0D1A0CDDF36}.Debug|Any CPU.Build.0 = Debug|Any CPU
		{66CD96CC-0EAA-430C-98D7-C0D1A0CDDF36}.Release|Any CPU.ActiveCfg = Release|Any CPU
		{66CD96CC-0EAA-430C-98D7-C0D1A0CDDF36}.Release|Any CPU.Build.0 = Release|Any CPU
		{674ABA71-A9F9-40C2-93AF-3ADA9C20101D}.Debug|Any CPU.ActiveCfg = Debug|Any CPU
		{674ABA71-A9F9-40C2-93AF-3ADA9C20101D}.Debug|Any CPU.Build.0 = Debug|Any CPU
		{674ABA71-A9F9-40C2-93AF-3ADA9C20101D}.Release|Any CPU.ActiveCfg = Release|Any CPU
		{674ABA71-A9F9-40C2-93AF-3ADA9C20101D}.Release|Any CPU.Build.0 = Release|Any CPU
	EndGlobalSection
	GlobalSection(SolutionProperties) = preSolution
		HideSolutionNode = FALSE
	EndGlobalSection
	GlobalSection(ExtensibilityGlobals) = postSolution
		SolutionGuid = {983CFEDC-5814-4471-9B7E-CFB9D8916C09}
	EndGlobalSection
EndGlobal
